
Microsoft Visual Studio Solution File, Format Version 12.00
# Visual Studio Version 17
VisualStudioVersion = 17.4.33205.214
MinimumVisualStudioVersion = 10.0.40219.1
Project("{FAE04EC0-301F-11D3-BF4B-00C04F79EFBC}") = "ReminderAPI", "ReminderAPI.csproj", "{EAC01FB5-AEBA-4648-9930-093F0F969EE9}"
EndProject
Global
	GlobalSection(SolutionConfigurationPlatforms) = preSolution
		Debug|Any CPU = Debug|Any CPU
		Release|Any CPU = Release|Any CPU
	EndGlobalSection
	GlobalSection(ProjectConfigurationPlatforms) = postSolution
		{EAC01FB5-AEBA-4648-9930-093F0F969EE9}.Debug|Any CPU.ActiveCfg = Debug|Any CPU
		{EAC01FB5-AEBA-4648-9930-093F0F969EE9}.Debug|Any CPU.Build.0 = Debug|Any CPU
		{EAC01FB5-AEBA-4648-9930-093F0F969EE9}.Release|Any CPU.ActiveCfg = Release|Any CPU
		{EAC01FB5-AEBA-4648-9930-093F0F969EE9}.Release|Any CPU.Build.0 = Release|Any CPU
	EndGlobalSection
	GlobalSection(SolutionProperties) = preSolution
		HideSolutionNode = FALSE
	EndGlobalSection
	GlobalSection(ExtensibilityGlobals) = postSolution
		SolutionGuid = {445C08CF-B96D-4404-B94A-4890B0FCDCC5}
	EndGlobalSection
EndGlobal
